
Microsoft Visual Studio Solution File, Format Version 12.00
# Visual Studio 15
VisualStudioVersion = 15.0.27130.2024
MinimumVisualStudioVersion = 10.0.40219.1
Project("{FAE04EC0-301F-11D3-BF4B-00C04F79EFBC}") = "LicensePlate", "LicensePlate\LicensePlate.csproj", "{798D9BE2-C433-4E38-88AC-5E8C99A200A7}"
EndProject
Global
	GlobalSection(SolutionConfigurationPlatforms) = preSolution
		Debug|Any CPU = Debug|Any CPU
		Release|Any CPU = Release|Any CPU
	EndGlobalSection
	GlobalSection(ProjectConfigurationPlatforms) = postSolution
		{798D9BE2-C433-4E38-88AC-5E8C99A200A7}.Debug|Any CPU.ActiveCfg = Debug|Any CPU
		{798D9BE2-C433-4E38-88AC-5E8C99A200A7}.Debug|Any CPU.Build.0 = Debug|Any CPU
		{798D9BE2-C433-4E38-88AC-5E8C99A200A7}.Release|Any CPU.ActiveCfg = Release|Any CPU
		{798D9BE2-C433-4E38-88AC-5E8C99A200A7}.Release|Any CPU.Build.0 = Release|Any CPU
	EndGlobalSection
	GlobalSection(SolutionProperties) = preSolution
		HideSolutionNode = FALSE
	EndGlobalSection
	GlobalSection(ExtensibilityGlobals) = postSolution
		SolutionGuid = {AED22433-3118-4131-BEEB-09568B35644D}
	EndGlobalSection
EndGlobal
